
Microsoft Visual Studio Solution File, Format Version 12.00
# Visual Studio Version 16
VisualStudioVersion = 16.0.29009.5
MinimumVisualStudioVersion = 10.0.40219.1
Project("{9A19103F-16F7-4668-BE54-9A1E7A4F7556}") = "SuperNAT.Server", "SuperNAT.Server\SuperNAT.Server.csproj", "{0F4F3978-9186-4A17-8F14-DB75F0F35404}"
EndProject
Project("{9A19103F-16F7-4668-BE54-9A1E7A4F7556}") = "SuperNAT.Common", "SuperNAT.Common\SuperNAT.Common.csproj", "{12051EDA-9E9C-42F7-8D72-A2D554F12D0F}"
EndProject
Project("{9A19103F-16F7-4668-BE54-9A1E7A4F7556}") = "SuperNAT.Client", "SuperNAT.Client\SuperNAT.Client.csproj", "{773F9473-94BD-449C-BF37-0F42F01FAF9C}"
EndProject
Project("{9A19103F-16F7-4668-BE54-9A1E7A4F7556}") = "SuperNAT.Model", "SuperNAT.Model\SuperNAT.Model.csproj", "{23EACDD8-ED7C-4E17-9F85-F0016783913B}"
EndProject
Project("{9A19103F-16F7-4668-BE54-9A1E7A4F7556}") = "SuperNAT.Dal", "SuperNAT.Dal\SuperNAT.Dal.csproj", "{1EE1076F-3AE5-41F5-9B64-2BB4086CB9C3}"
EndProject
Project("{9A19103F-16F7-4668-BE54-9A1E7A4F7556}") = "SuperNAT.Bll", "SuperNAT.Bll\SuperNAT.Bll.csproj", "{4E673792-6130-49F2-88A7-6DAB2E61B02E}"
EndProject
Project("{9A19103F-16F7-4668-BE54-9A1E7A4F7556}") = "SuperNAT.WebSocket", "SuperNAT.WebSocket\SuperNAT.WebSocket.csproj", "{7B256A64-0D4B-4AFC-B696-13992E983DF5}"
EndProject
Project("{9A19103F-16F7-4668-BE54-9A1E7A4F7556}") = "SuperNAT.AsyncSocket", "SuperNAT.AsyncSocket\SuperNAT.AsyncSocket.csproj", "{8548D098-F934-48ED-8E57-33E210FD473D}"
EndProject
Global
	GlobalSection(SolutionConfigurationPlatforms) = preSolution
		Debug|Any CPU = Debug|Any CPU
		Release|Any CPU = Release|Any CPU
	EndGlobalSection
	GlobalSection(ProjectConfigurationPlatforms) = postSolution
		{0F4F3978-9186-4A17-8F14-DB75F0F35404}.Debug|Any CPU.ActiveCfg = Debug|Any CPU
		{0F4F3978-9186-4A17-8F14-DB75F0F35404}.Debug|Any CPU.Build.0 = Debug|Any CPU
		{0F4F3978-9186-4A17-8F14-DB75F0F35404}.Release|Any CPU.ActiveCfg = Release|Any CPU
		{0F4F3978-9186-4A17-8F14-DB75F0F35404}.Release|Any CPU.Build.0 = Release|Any CPU
		{12051EDA-9E9C-42F7-8D72-A2D554F12D0F}.Debug|Any CPU.ActiveCfg = Debug|Any CPU
		{12051EDA-9E9C-42F7-8D72-A2D554F12D0F}.Debug|Any CPU.Build.0 = Debug|Any CPU
		{12051EDA-9E9C-42F7-8D72-A2D554F12D0F}.Release|Any CPU.ActiveCfg = Release|Any CPU
		{12051EDA-9E9C-42F7-8D72-A2D554F12D0F}.Release|Any CPU.Build.0 = Release|Any CPU
		{773F9473-94BD-449C-BF37-0F42F01FAF9C}.Debug|Any CPU.ActiveCfg = Debug|Any CPU
		{773F9473-94BD-449C-BF37-0F42F01FAF9C}.Debug|Any CPU.Build.0 = Debug|Any CPU
		{773F9473-94BD-449C-BF37-0F42F01FAF9C}.Release|Any CPU.ActiveCfg = Release|Any CPU
		{773F9473-94BD-449C-BF37-0F42F01FAF9C}.Release|Any CPU.Build.0 = Release|Any CPU
		{23EACDD8-ED7C-4E17-9F85-F0016783913B}.Debug|Any CPU.ActiveCfg = Debug|Any CPU
		{23EACDD8-ED7C-4E17-9F85-F0016783913B}.Debug|Any CPU.Build.0 = Debug|Any CPU
		{23EACDD8-ED7C-4E17-9F85-F0016783913B}.Release|Any CPU.ActiveCfg = Release|Any CPU
		{23EACDD8-ED7C-4E17-9F85-F0016783913B}.Release|Any CPU.Build.0 = Release|Any CPU
		{1EE1076F-3AE5-41F5-9B64-2BB4086CB9C3}.Debug|Any CPU.ActiveCfg = Debug|Any CPU
		{1EE1076F-3AE5-41F5-9B64-2BB4086CB9C3}.Debug|Any CPU.Build.0 = Debug|Any CPU
		{1EE1076F-3AE5-41F5-9B64-2BB4086CB9C3}.Release|Any CPU.ActiveCfg = Release|Any CPU
		{1EE1076F-3AE5-41F5-9B64-2BB4086CB9C3}.Release|Any CPU.Build.0 = Release|Any CPU
		{4E673792-6130-49F2-88A7-6DAB2E61B02E}.Debug|Any CPU.ActiveCfg = Debug|Any CPU
		{4E673792-6130-49F2-88A7-6DAB2E61B02E}.Debug|Any CPU.Build.0 = Debug|Any CPU
		{4E673792-6130-49F2-88A7-6DAB2E61B02E}.Release|Any CPU.ActiveCfg = Release|Any CPU
		{4E673792-6130-49F2-88A7-6DAB2E61B02E}.Release|Any CPU.Build.0 = Release|Any CPU
		{7B256A64-0D4B-4AFC-B696-13992E983DF5}.Debug|Any CPU.ActiveCfg = Debug|Any CPU
		{7B256A64-0D4B-4AFC-B696-13992E983DF5}.Debug|Any CPU.Build.0 = Debug|Any CPU
		{7B256A64-0D4B-4AFC-B696-13992E983DF5}.Release|Any CPU.ActiveCfg = Release|Any CPU
		{7B256A64-0D4B-4AFC-B696-13992E983DF5}.Release|Any CPU.Build.0 = Release|Any CPU
		{8548D098-F934-48ED-8E57-33E210FD473D}.Debug|Any CPU.ActiveCfg = Debug|Any CPU
		{8548D098-F934-48ED-8E57-33E210FD473D}.Debug|Any CPU.Build.0 = Debug|Any CPU
		{8548D098-F934-48ED-8E57-33E210FD473D}.Release|Any CPU.ActiveCfg = Release|Any CPU
		{8548D098-F934-48ED-8E57-33E210FD473D}.Release|Any CPU.Build.0 = Release|Any CPU
	EndGlobalSection
	GlobalSection(SolutionProperties) = preSolution
		HideSolutionNode = FALSE
	EndGlobalSection
	GlobalSection(ExtensibilityGlobals) = postSolution
		SolutionGuid = {0A3F063C-1BC9-48BC-A068-E085DD1822A8}
	EndGlobalSection
EndGlobal
