
Microsoft Visual Studio Solution File, Format Version 12.00
# Visual Studio 14
VisualStudioVersion = 14.0.25420.1
MinimumVisualStudioVersion = 10.0.40219.1
Project("{F088123C-0E9E-452A-89E6-6BA2F21D5CAC}") = "SuperNAT.ModelingProject", "SuperNAT.ModelingProject\SuperNAT.ModelingProject.modelproj", "{0B3F2AF0-A0D2-4FF4-82DA-5D46886E0F8E}"
EndProject
Global
	GlobalSection(SolutionConfigurationPlatforms) = preSolution
		Debug|Any CPU = Debug|Any CPU
		Release|Any CPU = Release|Any CPU
	EndGlobalSection
	GlobalSection(ProjectConfigurationPlatforms) = postSolution
		{0B3F2AF0-A0D2-4FF4-82DA-5D46886E0F8E}.Debug|Any CPU.ActiveCfg = Debug|Any CPU
		{0B3F2AF0-A0D2-4FF4-82DA-5D46886E0F8E}.Debug|Any CPU.Build.0 = Debug|Any CPU
		{0B3F2AF0-A0D2-4FF4-82DA-5D46886E0F8E}.Release|Any CPU.ActiveCfg = Release|Any CPU
		{0B3F2AF0-A0D2-4FF4-82DA-5D46886E0F8E}.Release|Any CPU.Build.0 = Release|Any CPU
	EndGlobalSection
	GlobalSection(SolutionProperties) = preSolution
		HideSolutionNode = FALSE
	EndGlobalSection
EndGlobal
